PODS:
  - ImageSelector (0.1.0):
    - PermissionsService/Camera
    - PermissionsService/Gallery
  - PermissionsService/Camera (0.9.6):
    - PermissionsService/Core
  - PermissionsService/Core (0.9.6)
  - PermissionsService/Gallery (0.9.6):
    - PermissionsService/Core

DEPENDENCIES:
  - ImageSelector (from `../`)
  - PermissionsService/Camera (from `https://github.com/lemberg/ios-permissions-service`)
  - PermissionsService/Gallery (from `https://github.com/lemberg/ios-permissions-service`)

EXTERNAL SOURCES:
  ImageSelector:
    :path: "../"
  PermissionsService:
    :git: https://github.com/lemberg/ios-permissions-service

CHECKOUT OPTIONS:
  PermissionsService:
    :commit: 11256fd67f4d53208b97c9c6f50aec8909300aef
    :git: https://github.com/lemberg/ios-permissions-service

SPEC CHECKSUMS:
  ImageSelector: a125ec3908ca89c66d906bddf00997fcdfdbb34c
  PermissionsService: 43cf1fd691d8e217f69c01fcfc1f9d129e2a69ac

PODFILE CHECKSUM: a7640f193da281252c60d5df04a3fd3275201579

COCOAPODS: 1.5.2
